# This file is autogenerated, do not edit; changes may be undone by the next 'dep ensure'.


[[projects]]
  name = "github.com/julienschmidt/httprouter"
  packages = ["."]
  revision = "8c199fb6259ffc1af525cc3ad52ee60ba8359669"
  version = "v1.1"

[[projects]]
  branch = "master"
  name = "github.com/segmentio/fasthash"
  packages = ["jody"]
  revision = "a72b379d632eab4b49e4f4b2c765cfebf0a74796"

[[projects]]
  name = "github.com/segmentio/objconv"
  packages = [
    ".",
    "objutil",
    "resp"
  ]
  revision = "8998c9cea5fb978cf489f7a8ad69159aa7be3d50"
  version = "0.1.0"

[[projects]]
  name = "github.com/segmentio/redis-go"
  packages = ["."]
  revision = "c1837d9e9680b6f90d02f359e2bc00e475ab5cb4"
  version = "0.5.1"

[solve-meta]
  analyzer-name = "dep"
  analyzer-version = 1
  inputs-digest = "0732448b38198fd9bd2bc2f73010af99aad2d4ac1607813889224386e39541eb"
  solver-name = "gps-cdcl"
  solver-version = 1
